// !$*UTF8*$!
{
	archiveVersion = 1;
	classes = {
	};
	objectVersion = 46;
	objects = {

/* Begin PBXBuildFile section */
		F5452D421D8FDD5E007F0207 /* AppDelegate.swift in Sources */ = {isa = PBXBuildFile; fileRef = F5452D411D8FDD5E007F0207 /* AppDelegate.swift */; };
		F5452D441D8FDD5E007F0207 /* ViewController.swift in Sources */ = {isa = PBXBuildFile; fileRef = F5452D431D8FDD5E007F0207 /* ViewController.swift */; };
		F5452D471D8FDD5E007F0207 /* Main.storyboard in Resources */ = {isa = PBXBuildFile; fileRef = F5452D451D8FDD5E007F0207 /* Main.storyboard */; };
		F5452D491D8FDD5E007F0207 /* Assets.xcassets in Resources */ = {isa = PBXBuildFile; fileRef = F5452D481D8FDD5E007F0207 /* Assets.xcassets */; };
		F5452D4C1D8FDD5E007F0207 /* LaunchScreen.storyboard in Resources */ = {isa = PBXBuildFile; fileRef = F5452D4A1D8FDD5E007F0207 /* LaunchScreen.storyboard */; };
		F5452D571D8FDD5E007F0207 /* Swift___________Tests.swift in Sources */ = {isa = PBXBuildFile; fileRef = F5452D561D8FDD5E007F0207 /* Swift___________Tests.swift */; };
		F5452D621D8FDD5E007F0207 /* Swift___________UITests.swift in Sources */ = {isa = PBXBuildFile; fileRef = F5452D611D8FDD5E007F0207 /* Swift___________UITests.swift */; };
/* End PBXBuildFile section */

/* Begin PBXContainerItemProxy section */
		F5452D531D8FDD5E007F0207 /* PBXContainerItemProxy */ = {
			isa = PBXContainerItemProxy;
			containerPortal = F5452D361D8FDD5E007F0207 /* Project object */;
			proxyType = 1;
			remoteGlobalIDString = F5452D3D1D8FDD5E007F0207;
			remoteInfo = "Swift 算法系列一：冒泡排序";
		};
		F5452D5E1D8FDD5E007F0207 /* PBXContainerItemProxy */ = {
			isa = PBXContainerItemProxy;
			containerPortal = F5452D361D8FDD5E007F0207 /* Project object */;
			proxyType = 1;
			remoteGlobalIDString = F5452D3D1D8FDD5E007F0207;
			remoteInfo = "Swift 算法系列一：冒泡排序";
		};
/* End PBXContainerItemProxy section */

/* Begin PBXFileReference section */
		F5452D3E1D8FDD5E007F0207 /* Swift 算法系列一：冒泡排序.app */ = {isa = PBXFileReference; explicitFileType = wrapper.application; includeInIndex = 0; path = "Swift 算法系列一：冒泡排序.app"; sourceTree = BUILT_PRODUCTS_DIR; };
		F5452D411D8FDD5E007F0207 /* AppDelegate.swift */ = {isa = PBXFileReference; lastKnownFileType = sourcecode.swift; path = AppDelegate.swift; sourceTree = "<group>"; };
		F5452D431D8FDD5E007F0207 /* ViewController.swift */ = {isa = PBXFileReference; lastKnownFileType = sourcecode.swift; path = ViewController.swift; sourceTree = "<group>"; };
		F5452D461D8FDD5E007F0207 /* Base */ = {isa = PBXFileReference; lastKnownFileType = file.storyboard; name = Base; path = Base.lproj/Main.storyboard; sourceTree = "<group>"; };
		F5452D481D8FDD5E007F0207 /* Assets.xcassets */ = {isa = PBXFileReference; lastKnownFileType = folder.assetcatalog; path = Assets.xcassets; sourceTree = "<group>"; };
		F5452D4B1D8FDD5E007F0207 /* Base */ = {isa = PBXFileReference; lastKnownFileType = file.storyboard; name = Base; path = Base.lproj/LaunchScreen.storyboard; sourceTree = "<group>"; };
		F5452D4D1D8FDD5E007F0207 /* Info.plist */ = {isa = PBXFileReference; lastKnownFileType = text.plist.xml; path = Info.plist; sourceTree = "<group>"; };
		F5452D521D8FDD5E007F0207 /* Swift 算法系列一：冒泡排序Tests.xctest */ = {isa = PBXFileReference; explicitFileType = wrapper.cfbundle; includeInIndex = 0; path = "Swift 算法系列一：冒泡排序Tests.xctest"; sourceTree = BUILT_PRODUCTS_DIR; };
		F5452D561D8FDD5E007F0207 /* Swift___________Tests.swift */ = {isa = PBXFileReference; lastKnownFileType = sourcecode.swift; path = "Swift___________Tests.swift"; sourceTree = "<group>"; };
		F5452D581D8FDD5E007F0207 /* Info.plist */ = {isa = PBXFileReference; lastKnownFileType = text.plist.xml; path = Info.plist; sourceTree = "<group>"; };
		F5452D5D1D8FDD5E007F0207 /* Swift 算法系列一：冒泡排序UITests.xctest */ = {isa = PBXFileReference; explicitFileType = wrapper.cfbundle; includeInIndex = 0; path = "Swift 算法系列一：冒泡排序UITests.xctest"; sourceTree = BUILT_PRODUCTS_DIR; };
		F5452D611D8FDD5E007F0207 /* Swift___________UITests.swift */ = {isa = PBXFileReference; lastKnownFileType = sourcecode.swift; path = "Swift___________UITests.swift"; sourceTree = "<group>"; };
		F5452D631D8FDD5E007F0207 /* Info.plist */ = {isa = PBXFileReference; lastKnownFileType = text.plist.xml; path = Info.plist; sourceTree = "<group>"; };
/* End PBXFileReference section */

/* Begin PBXFrameworksBuildPhase section */
		F5452D3B1D8FDD5E007F0207 /* Frameworks */ = {
			isa = PBXFrameworksBuildPhase;
			buildActionMask = 2147483647;
			files = (
			);
			runOnlyForDeploymentPostprocessing = 0;
		};
		F5452D4F1D8FDD5E007F0207 /* Frameworks */ = {
			isa = PBXFrameworksBuildPhase;
			buildActionMask = 2147483647;
			files = (
			);
			runOnlyForDeploymentPostprocessing = 0;
		};
		F5452D5A1D8FDD5E007F0207 /* Frameworks */ = {
			isa = PBXFrameworksBuildPhase;
			buildActionMask = 2147483647;
			files = (
			);
			runOnlyForDeploymentPostprocessing = 0;
		};
/* End PBXFrameworksBuildPhase section */

/* Begin PBXGroup section */
		F5452D351D8FDD5E007F0207 = {
			isa = PBXGroup;
			children = (
				F5452D401D8FDD5E007F0207 /* Swift 算法系列一：冒泡排序 */,
				F5452D551D8FDD5E007F0207 /* Swift 算法系列一：冒泡排序Tests */,
				F5452D601D8FDD5E007F0207 /* Swift 算法系列一：冒泡排序UITests */,
				F5452D3F1D8FDD5E007F0207 /* Products */,
			);
			sourceTree = "<group>";
		};
		F5452D3F1D8FDD5E007F0207 /* Products */ = {
			isa = PBXGroup;
			children = (
				F5452D3E1D8FDD5E007F0207 /* Swift 算法系列一：冒泡排序.app */,
				F5452D521D8FDD5E007F0207 /* Swift 算法系列一：冒泡排序Tests.xctest */,
				F5452D5D1D8FDD5E007F0207 /* Swift 算法系列一：冒泡排序UITests.xctest */,
			);
			name = Products;
			sourceTree = "<group>";
		};
		F5452D401D8FDD5E007F0207 /* Swift 算法系列一：冒泡排序 */ = {
			isa = PBXGroup;
			children = (
				F5452D411D8FDD5E007F0207 /* AppDelegate.swift */,
				F5452D431D8FDD5E007F0207 /* ViewController.swift */,
				F5452D451D8FDD5E007F0207 /* Main.storyboard */,
				F5452D481D8FDD5E007F0207 /* Assets.xcassets */,
				F5452D4A1D8FDD5E007F0207 /* LaunchScreen.storyboard */,
				F5452D4D1D8FDD5E007F0207 /* Info.plist */,
			);
			path = "Swift 算法系列一：冒泡排序";
			sourceTree = "<group>";
		};
		F5452D551D8FDD5E007F0207 /* Swift 算法系列一：冒泡排序Tests */ = {
			isa = PBXGroup;
			children = (
				F5452D561D8FDD5E007F0207 /* Swift___________Tests.swift */,
				F5452D581D8FDD5E007F0207 /* Info.plist */,
			);
			path = "Swift 算法系列一：冒泡排序Tests";
			sourceTree = "<group>";
		};
		F5452D601D8FDD5E007F0207 /* Swift 算法系列一：冒泡排序UITests */ = {
			isa = PBXGroup;
			children = (
				F5452D611D8FDD5E007F0207 /* Swift___________UITests.swift */,
				F5452D631D8FDD5E007F0207 /* Info.plist */,
			);
			path = "Swift 算法系列一：冒泡排序UITests";
			sourceTree = "<group>";
		};
/* End PBXGroup section */

/* Begin PBXNativeTarget section */
		F5452D3D1D8FDD5E007F0207 /* Swift 算法系列一：冒泡排序 */ = {
			isa = PBXNativeTarget;
			buildConfigurationList = F5452D661D8FDD5E007F0207 /* Build configuration list for PBXNativeTarget "Swift 算法系列一：冒泡排序" */;
			buildPhases = (
				F5452D3A1D8FDD5E007F0207 /* Sources */,
				F5452D3B1D8FDD5E007F0207 /* Frameworks */,
				F5452D3C1D8FDD5E007F0207 /* Resources */,
			);
			buildRules = (
			);
			dependencies = (
			);
			name = "Swift 算法系列一：冒泡排序";
			productName = "Swift 算法系列一：冒泡排序";
			productReference = F5452D3E1D8FDD5E007F0207 /* Swift 算法系列一：冒泡排序.app */;
			productType = "com.apple.product-type.application";
		};
		F5452D511D8FDD5E007F0207 /* Swift 算法系列一：冒泡排序Tests */ = {
			isa = PBXNativeTarget;
			buildConfigurationList = F5452D691D8FDD5E007F0207 /* Build configuration list for PBXNativeTarget "Swift 算法系列一：冒泡排序Tests" */;
			buildPhases = (
				F5452D4E1D8FDD5E007F0207 /* Sources */,
				F5452D4F1D8FDD5E007F0207 /* Frameworks */,
				F5452D501D8FDD5E007F0207 /* Resources */,
			);
			buildRules = (
			);
			dependencies = (
				F5452D541D8FDD5E007F0207 /* PBXTargetDependency */,
			);
			name = "Swift 算法系列一：冒泡排序Tests";
			productName = "Swift 算法系列一：冒泡排序Tests";
			productReference = F5452D521D8FDD5E007F0207 /* Swift 算法系列一：冒泡排序Tests.xctest */;
			productType = "com.apple.product-type.bundle.unit-test";
		};
		F5452D5C1D8FDD5E007F0207 /* Swift 算法系列一：冒泡排序UITests */ = {
			isa = PBXNativeTarget;
			buildConfigurationList = F5452D6C1D8FDD5E007F0207 /* Build configuration list for PBXNativeTarget "Swift 算法系列一：冒泡排序UITests" */;
			buildPhases = (
				F5452D591D8FDD5E007F0207 /* Sources */,
				F5452D5A1D8FDD5E007F0207 /* Frameworks */,
				F5452D5B1D8FDD5E007F0207 /* Resources */,
			);
			buildRules = (
			);
			dependencies = (
				F5452D5F1D8FDD5E007F0207 /* PBXTargetDependency */,
			);
			name = "Swift 算法系列一：冒泡排序UITests";
			productName = "Swift 算法系列一：冒泡排序UITests";
			productReference = F5452D5D1D8FDD5E007F0207 /* Swift 算法系列一：冒泡排序UITests.xctest */;
			productType = "com.apple.product-type.bundle.ui-testing";
		};
/* End PBXNativeTarget section */

/* Begin PBXProject section */
		F5452D361D8FDD5E007F0207 /* Project object */ = {
			isa = PBXProject;
			attributes = {
				LastSwiftUpdateCheck = 0800;
				LastUpgradeCheck = 0800;
				ORGANIZATIONNAME = "道标朱";
				TargetAttributes = {
					F5452D3D1D8FDD5E007F0207 = {
						CreatedOnToolsVersion = 8.0;
						DevelopmentTeam = 57WG4KN8R5;
						ProvisioningStyle = Automatic;
					};
					F5452D511D8FDD5E007F0207 = {
						CreatedOnToolsVersion = 8.0;
						ProvisioningStyle = Automatic;
						TestTargetID = F5452D3D1D8FDD5E007F0207;
					};
					F5452D5C1D8FDD5E007F0207 = {
						CreatedOnToolsVersion = 8.0;
						ProvisioningStyle = Automatic;
						TestTargetID = F5452D3D1D8FDD5E007F0207;
					};
				};
			};
			buildConfigurationList = F5452D391D8FDD5E007F0207 /* Build configuration list for PBXProject "Swift 算法系列一：冒泡排序" */;
			compatibilityVersion = "Xcode 3.2";
			developmentRegion = English;
			hasScannedForEncodings = 0;
			knownRegions = (
				en,
				Base,
			);
			mainGroup = F5452D351D8FDD5E007F0207;
			productRefGroup = F5452D3F1D8FDD5E007F0207 /* Products */;
			projectDirPath = "";
			projectRoot = "";
			targets = (
				F5452D3D1D8FDD5E007F0207 /* Swift 算法系列一：冒泡排序 */,
				F5452D511D8FDD5E007F0207 /* Swift 算法系列一：冒泡排序Tests */,
				F5452D5C1D8FDD5E007F0207 /* Swift 算法系列一：冒泡排序UITests */,
			);
		};
/* End PBXProject section */

/* Begin PBXResourcesBuildPhase section */
		F5452D3C1D8FDD5E007F0207 /* Resources */ = {
			isa = PBXResourcesBuildPhase;
			buildActionMask = 2147483647;
			files = (
				F5452D4C1D8FDD5E007F0207 /* LaunchScreen.storyboard in Resources */,
				F5452D491D8FDD5E007F0207 /* Assets.xcassets in Resources */,
				F5452D471D8FDD5E007F0207 /* Main.storyboard in Resources */,
			);
			runOnlyForDeploymentPostprocessing = 0;
		};
		F5452D501D8FDD5E007F0207 /* Resources */ = {
			isa = PBXResourcesBuildPhase;
			buildActionMask = 2147483647;
			files = (
			);
			runOnlyForDeploymentPostprocessing = 0;
		};
		F5452D5B1D8FDD5E007F0207 /* Resources */ = {
			isa = PBXResourcesBuildPhase;
			buildActionMask = 2147483647;
			files = (
			);
			runOnlyForDeploymentPostprocessing = 0;
		};
/* End PBXResourcesBuildPhase section */

/* Begin PBXSourcesBuildPhase section */
		F5452D3A1D8FDD5E007F0207 /* Sources */ = {
			isa = PBXSourcesBuildPhase;
			buildActionMask = 2147483647;
			files = (
				F5452D441D8FDD5E007F0207 /* ViewController.swift in Sources */,
				F5452D421D8FDD5E007F0207 /* AppDelegate.swift in Sources */,
			);
			runOnlyForDeploymentPostprocessing = 0;
		};
		F5452D4E1D8FDD5E007F0207 /* Sources */ = {
			isa = PBXSourcesBuildPhase;
			buildActionMask = 2147483647;
			files = (
				F5452D571D8FDD5E007F0207 /* Swift___________Tests.swift in Sources */,
			);
			runOnlyForDeploymentPostprocessing = 0;
		};
		F5452D591D8FDD5E007F0207 /* Sources */ = {
			isa = PBXSourcesBuildPhase;
			buildActionMask = 2147483647;
			files = (
				F5452D621D8FDD5E007F0207 /* Swift___________UITests.swift in Sources */,
			);
			runOnlyForDeploymentPostprocessing = 0;
		};
/* End PBXSourcesBuildPhase section */

/* Begin PBXTargetDependency section */
		F5452D541D8FDD5E007F0207 /* PBXTargetDependency */ = {
			isa = PBXTargetDependency;
			target = F5452D3D1D8FDD5E007F0207 /* Swift 算法系列一：冒泡排序 */;
			targetProxy = F5452D531D8FDD5E007F0207 /* PBXContainerItemProxy */;
		};
		F5452D5F1D8FDD5E007F0207 /* PBXTargetDependency */ = {
			isa = PBXTargetDependency;
			target = F5452D3D1D8FDD5E007F0207 /* Swift 算法系列一：冒泡排序 */;
			targetProxy = F5452D5E1D8FDD5E007F0207 /* PBXContainerItemProxy */;
		};
/* End PBXTargetDependency section */

/* Begin PBXVariantGroup section */
		F5452D451D8FDD5E007F0207 /* Main.storyboard */ = {
			isa = PBXVariantGroup;
			children = (
				F5452D461D8FDD5E007F0207 /* Base */,
			);
			name = Main.storyboard;
			sourceTree = "<group>";
		};
		F5452D4A1D8FDD5E007F0207 /* LaunchScreen.storyboard */ = {
			isa = PBXVariantGroup;
			children = (
				F5452D4B1D8FDD5E007F0207 /* Base */,
			);
			name = LaunchScreen.storyboard;
			sourceTree = "<group>";
		};
/* End PBXVariantGroup section */

/* Begin XCBuildConfiguration section */
		F5452D641D8FDD5E007F0207 /* Debug */ = {
			isa = XCBuildConfiguration;
			buildSettings = {
				ALWAYS_SEARCH_USER_PATHS = NO;
				CLANG_ANALYZER_NONNULL = YES;
				CLANG_CXX_LANGUAGE_STANDARD = "gnu++0x";
				CLANG_CXX_LIBRARY = "libc++";
				CLANG_ENABLE_MODULES = YES;
				CLANG_ENABLE_OBJC_ARC = YES;
				CLANG_WARN_BOOL_CONVERSION = YES;
				CLANG_WARN_CONSTANT_CONVERSION = YES;
				CLANG_WARN_DIRECT_OBJC_ISA_USAGE = YES_ERROR;
				CLANG_WARN_DOCUMENTATION_COMMENTS = YES;
				CLANG_WARN_EMPTY_BODY = YES;
				CLANG_WARN_ENUM_CONVERSION = YES;
				CLANG_WARN_INFINITE_RECURSION = YES;
				CLANG_WARN_INT_CONVERSION = YES;
				CLANG_WARN_OBJC_ROOT_CLASS = YES_ERROR;
				CLANG_WARN_SUSPICIOUS_MOVES = YES;
				CLANG_WARN_UNREACHABLE_CODE = YES;
				CLANG_WARN__DUPLICATE_METHOD_MATCH = YES;
				"CODE_SIGN_IDENTITY[sdk=iphoneos*]" = "iPhone Developer";
				COPY_PHASE_STRIP = NO;
				DEBUG_INFORMATION_FORMAT = dwarf;
				ENABLE_STRICT_OBJC_MSGSEND = YES;
				ENABLE_TESTABILITY = YES;
				GCC_C_LANGUAGE_STANDARD = gnu99;
				GCC_DYNAMIC_NO_PIC = NO;
				GCC_NO_COMMON_BLOCKS = YES;
				GCC_OPTIMIZATION_LEVEL = 0;
				GCC_PREPROCESSOR_DEFINITIONS = (
					"DEBUG=1",
					"$(inherited)",
				);
				GCC_WARN_64_TO_32_BIT_CONVERSION = YES;
				GCC_WARN_ABOUT_RETURN_TYPE = YES_ERROR;
				GCC_WARN_UNDECLARED_SELECTOR = YES;
				GCC_WARN_UNINITIALIZED_AUTOS = YES_AGGRESSIVE;
				GCC_WARN_UNUSED_FUNCTION = YES;
				GCC_WARN_UNUSED_VARIABLE = YES;
				IPHONEOS_DEPLOYMENT_TARGET = 10.0;
				MTL_ENABLE_DEBUG_INFO = YES;
				ONLY_ACTIVE_ARCH = YES;
				SDKROOT = iphoneos;
				SWIFT_ACTIVE_COMPILATION_CONDITIONS = DEBUG;
				SWIFT_OPTIMIZATION_LEVEL = "-Onone";
			};
			name = Debug;
		};
		F5452D651D8FDD5E007F0207 /* Release */ = {
			isa = XCBuildConfiguration;
			buildSettings = {
				ALWAYS_SEARCH_USER_PATHS = NO;
				CLANG_ANALYZER_NONNULL = YES;
				CLANG_CXX_LANGUAGE_STANDARD = "gnu++0x";
				CLANG_CXX_LIBRARY = "libc++";
				CLANG_ENABLE_MODULES = YES;
				CLANG_ENABLE_OBJC_ARC = YES;
				CLANG_WARN_BOOL_CONVERSION = YES;
				CLANG_WARN_CONSTANT_CONVERSION = YES;
				CLANG_WARN_DIRECT_OBJC_ISA_USAGE = YES_ERROR;
				CLANG_WARN_DOCUMENTATION_COMMENTS = YES;
				CLANG_WARN_EMPTY_BODY = YES;
				CLANG_WARN_ENUM_CONVERSION = YES;
				CLANG_WARN_INFINITE_RECURSION = YES;
				CLANG_WARN_INT_CONVERSION = YES;
				CLANG_WARN_OBJC_ROOT_CLASS = YES_ERROR;
				CLANG_WARN_SUSPICIOUS_MOVES = YES;
				CLANG_WARN_UNREACHABLE_CODE = YES;
				CLANG_WARN__DUPLICATE_METHOD_MATCH = YES;
				"CODE_SIGN_IDENTITY[sdk=iphoneos*]" = "iPhone Developer";
				COPY_PHASE_STRIP = NO;
				DEBUG_INFORMATION_FORMAT = "dwarf-with-dsym";
				ENABLE_NS_ASSERTIONS = NO;
				ENABLE_STRICT_OBJC_MSGSEND = YES;
				GCC_C_LANGUAGE_STANDARD = gnu99;
				GCC_NO_COMMON_BLOCKS = YES;
				GCC_WARN_64_TO_32_BIT_CONVERSION = YES;
				GCC_WARN_ABOUT_RETURN_TYPE = YES_ERROR;
				GCC_WARN_UNDECLARED_SELECTOR = YES;
				GCC_WARN_UNINITIALIZED_AUTOS = YES_AGGRESSIVE;
				GCC_WARN_UNUSED_FUNCTION = YES;
				GCC_WARN_UNUSED_VARIABLE = YES;
				IPHONEOS_DEPLOYMENT_TARGET = 10.0;
				MTL_ENABLE_DEBUG_INFO = NO;
				SDKROOT = iphoneos;
				SWIFT_OPTIMIZATION_LEVEL = "-Owholemodule";
				VALIDATE_PRODUCT = YES;
			};
			name = Release;
		};
		F5452D671D8FDD5E007F0207 /* Debug */ = {
			isa = XCBuildConfiguration;
			buildSettings = {
				ASSETCATALOG_COMPILER_APPICON_NAME = AppIcon;
				DEVELOPMENT_TEAM = 57WG4KN8R5;
				INFOPLIST_FILE = "Swift 算法系列一：冒泡排序/Info.plist";
				IPHONEOS_DEPLOYMENT_TARGET = 8.4;
				LD_RUNPATH_SEARCH_PATHS = "$(inherited) @executable_path/Frameworks";
				PRODUCT_BUNDLE_IDENTIFIER = "com.Swift-----------";
				PRODUCT_NAME = "$(TARGET_NAME)";
				SWIFT_VERSION = 3.0;
			};
			name = Debug;
		};
		F5452D681D8FDD5E007F0207 /* Release */ = {
			isa = XCBuildConfiguration;
			buildSettings = {
				ASSETCATALOG_COMPILER_APPICON_NAME = AppIcon;
				DEVELOPMENT_TEAM = 57WG4KN8R5;
				INFOPLIST_FILE = "Swift 算法系列一：冒泡排序/Info.plist";
				IPHONEOS_DEPLOYMENT_TARGET = 8.4;
				LD_RUNPATH_SEARCH_PATHS = "$(inherited) @executable_path/Frameworks";
				PRODUCT_BUNDLE_IDENTIFIER = "com.Swift-----------";
				PRODUCT_NAME = "$(TARGET_NAME)";
				SWIFT_VERSION = 3.0;
			};
			name = Release;
		};
		F5452D6A1D8FDD5E007F0207 /* Debug */ = {
			isa = XCBuildConfiguration;
			buildSettings = {
				ALWAYS_EMBED_SWIFT_STANDARD_LIBRARIES = YES;
				BUNDLE_LOADER = "$(TEST_HOST)";
				INFOPLIST_FILE = "Swift 算法系列一：冒泡排序Tests/Info.plist";
				LD_RUNPATH_SEARCH_PATHS = "$(inherited) @executable_path/Frameworks @loader_path/Frameworks";
				PRODUCT_BUNDLE_IDENTIFIER = "com.Swift-----------Tests";
				PRODUCT_NAME = "$(TARGET_NAME)";
				SWIFT_VERSION = 3.0;
				TEST_HOST = "$(BUILT_PRODUCTS_DIR)/Swift 算法系列一：冒泡排序.app/Swift 算法系列一：冒泡排序";
			};
			name = Debug;
		};
		F5452D6B1D8FDD5E007F0207 /* Release */ = {
			isa = XCBuildConfiguration;
			buildSettings = {
				ALWAYS_EMBED_SWIFT_STANDARD_LIBRARIES = YES;
				BUNDLE_LOADER = "$(TEST_HOST)";
				INFOPLIST_FILE = "Swift 算法系列一：冒泡排序Tests/Info.plist";
				LD_RUNPATH_SEARCH_PATHS = "$(inherited) @executable_path/Frameworks @loader_path/Frameworks";
				PRODUCT_BUNDLE_IDENTIFIER = "com.Swift-----------Tests";
				PRODUCT_NAME = "$(TARGET_NAME)";
				SWIFT_VERSION = 3.0;
				TEST_HOST = "$(BUILT_PRODUCTS_DIR)/Swift 算法系列一：冒泡排序.app/Swift 算法系列一：冒泡排序";
			};
			name = Release;
		};
		F5452D6D1D8FDD5E007F0207 /* Debug */ = {
			isa = XCBuildConfiguration;
			buildSettings = {
				ALWAYS_EMBED_SWIFT_STANDARD_LIBRARIES = YES;
				INFOPLIST_FILE = "Swift 算法系列一：冒泡排序UITests/Info.plist";
				LD_RUNPATH_SEARCH_PATHS = "$(inherited) @executable_path/Frameworks @loader_path/Frameworks";
				PRODUCT_BUNDLE_IDENTIFIER = "com.Swift-----------UITests";
				PRODUCT_NAME = "$(TARGET_NAME)";
				SWIFT_VERSION = 3.0;
				TEST_TARGET_NAME = "Swift 算法系列一：冒泡排序";
			};
			name = Debug;
		};
		F5452D6E1D8FDD5E007F0207 /* Release */ = {
			isa = XCBuildConfiguration;
			buildSettings = {
				ALWAYS_EMBED_SWIFT_STANDARD_LIBRARIES = YES;
				INFOPLIST_FILE = "Swift 算法系列一：冒泡排序UITests/Info.plist";
				LD_RUNPATH_SEARCH_PATHS = "$(inherited) @executable_path/Frameworks @loader_path/Frameworks";
				PRODUCT_BUNDLE_IDENTIFIER = "com.Swift-----------UITests";
				PRODUCT_NAME = "$(TARGET_NAME)";
				SWIFT_VERSION = 3.0;
				TEST_TARGET_NAME = "Swift 算法系列一：冒泡排序";
			};
			name = Release;
		};
/* End XCBuildConfiguration section */

/* Begin XCConfigurationList section */
		F5452D391D8FDD5E007F0207 /* Build configuration list for PBXProject "Swift 算法系列一：冒泡排序" */ = {
			isa = XCConfigurationList;
			buildConfigurations = (
				F5452D641D8FDD5E007F0207 /* Debug */,
				F5452D651D8FDD5E007F0207 /* Release */,
			);
			defaultConfigurationIsVisible = 0;
			defaultConfigurationName = Release;
		};
		F5452D661D8FDD5E007F0207 /* Build configuration list for PBXNativeTarget "Swift 算法系列一：冒泡排序" */ = {
			isa = XCConfigurationList;
			buildConfigurations = (
				F5452D671D8FDD5E007F0207 /* Debug */,
				F5452D681D8FDD5E007F0207 /* Release */,
			);
			defaultConfigurationIsVisible = 0;
		};
		F5452D691D8FDD5E007F0207 /* Build configuration list for PBXNativeTarget "Swift 算法系列一：冒泡排序Tests" */ = {
			isa = XCConfigurationList;
			buildConfigurations = (
				F5452D6A1D8FDD5E007F0207 /* Debug */,
				F5452D6B1D8FDD5E007F0207 /* Release */,
			);
			defaultConfigurationIsVisible = 0;
		};
		F5452D6C1D8FDD5E007F0207 /* Build configuration list for PBXNativeTarget "Swift 算法系列一：冒泡排序UITests" */ = {
			isa = XCConfigurationList;
			buildConfigurations = (
				F5452D6D1D8FDD5E007F0207 /* Debug */,
				F5452D6E1D8FDD5E007F0207 /* Release */,
			);
			defaultConfigurationIsVisible = 0;
		};
/* End XCConfigurationList section */
	};
	rootObject = F5452D361D8FDD5E007F0207 /* Project object */;
}
